{
  "name": "intro-typescript",
  "version": "1.0.0",
  "lockfileVersion": 2,
  "requires": true,
  "packages": {
    "": {
      "name": "intro-typescript",
      "version": "1.0.0",
      "license": "ISC",
      "dependencies": {
        "drptranslator": "^2.8.0"
      }
    },
    "node_modules/drptranslator": {
      "version": "2.8.0",
      "resolved": "https://registry.npmjs.org/drptranslator/-/drptranslator-2.8.0.tgz",
      "integrity": "sha512-Ta+dkmrhx6h/9ydgC/cn6eOQukrxFS7xTHJ3cBm2RjqfG7sAwBuRBgMJJGQ3o80xjWo4IEzEVvg+nQSYrC6YAQ=="
    }
  },
  "dependencies": {
    "drptranslator": {
      "version": "2.8.0",
      "resolved": "https://registry.npmjs.org/drptranslator/-/drptranslator-2.8.0.tgz",
      "integrity": "sha512-Ta+dkmrhx6h/9ydgC/cn6eOQukrxFS7xTHJ3cBm2RjqfG7sAwBuRBgMJJGQ3o80xjWo4IEzEVvg+nQSYrC6YAQ=="
    }
  }
}
